
Microsoft Visual Studio Solution File, Format Version 12.00
# Visual Studio Version 16
VisualStudioVersion = 16.0.29306.81
MinimumVisualStudioVersion = 10.0.40219.1
Project("{9A19103F-16F7-4668-BE54-9A1E7A4F7556}") = "Pdb014App", "Pdb014App\Pdb014App.csproj", "{23183362-19DF-4EC1-9573-206B1169A568}"
EndProject
Global
	GlobalSection(SolutionConfigurationPlatforms) = preSolution
		Debug|Any CPU = Debug|Any CPU
		Release|Any CPU = Release|Any CPU
	EndGlobalSection
	GlobalSection(ProjectConfigurationPlatforms) = postSolution
		{23183362-19DF-4EC1-9573-206B1169A568}.Debug|Any CPU.ActiveCfg = Debug|Any CPU
		{23183362-19DF-4EC1-9573-206B1169A568}.Debug|Any CPU.Build.0 = Debug|Any CPU
		{23183362-19DF-4EC1-9573-206B1169A568}.Release|Any CPU.ActiveCfg = Release|Any CPU
		{23183362-19DF-4EC1-9573-206B1169A568}.Release|Any CPU.Build.0 = Release|Any CPU
	EndGlobalSection
	GlobalSection(SolutionProperties) = preSolution
		HideSolutionNode = FALSE
	EndGlobalSection
	GlobalSection(ExtensibilityGlobals) = postSolution
		SolutionGuid = {836D8350-B4D7-4D37-B229-D718FB1402C8}
	EndGlobalSection
EndGlobal
